<?xml version="1.0" encoding="utf-8"?>
<Project ToolsVersion="4.0" xmlns="http://schemas.microsoft.com/developer/msbuild/2003">
  <ItemGroup>
    <Filter Include="main">
      <UniqueIdentifier>{85f9893b-2ea2-4915-9a87-9b810ac344fa}</UniqueIdentifier>
    </Filter>
  </ItemGroup>
  <ItemGroup>
    <ClCompile Include="app_1.cpp">
      <Filter>main</Filter>
    </ClCompile>
  </ItemGroup>
</Project>